
Microsoft Visual Studio Solution File, Format Version 12.00
# Visual Studio Version 16
VisualStudioVersion = 16.0.30517.126
MinimumVisualStudioVersion = 10.0.40219.1
Project("{F184B08F-C81C-45F6-A57F-5ABD9991F28F}") = "Forca Simples", "Forca Simples\Forca Simples.vbproj", "{03D4433F-EF76-4B92-9E10-7321B006679E}"
EndProject
Global
	GlobalSection(SolutionConfigurationPlatforms) = preSolution
		Debug|Any CPU = Debug|Any CPU
		Release|Any CPU = Release|Any CPU
	EndGlobalSection
	GlobalSection(ProjectConfigurationPlatforms) = postSolution
		{03D4433F-EF76-4B92-9E10-7321B006679E}.Debug|Any CPU.ActiveCfg = Debug|Any CPU
		{03D4433F-EF76-4B92-9E10-7321B006679E}.Debug|Any CPU.Build.0 = Debug|Any CPU
		{03D4433F-EF76-4B92-9E10-7321B006679E}.Release|Any CPU.ActiveCfg = Release|Any CPU
		{03D4433F-EF76-4B92-9E10-7321B006679E}.Release|Any CPU.Build.0 = Release|Any CPU
	EndGlobalSection
	GlobalSection(SolutionProperties) = preSolution
		HideSolutionNode = FALSE
	EndGlobalSection
	GlobalSection(ExtensibilityGlobals) = postSolution
		SolutionGuid = {84831A15-5F5E-42CF-B21C-1E8456422144}
	EndGlobalSection
EndGlobal
